
Microsoft Visual Studio Solution File, Format Version 12.00
# Visual Studio Version 17
VisualStudioVersion = 17.8.34330.188
MinimumVisualStudioVersion = 10.0.40219.1
Project("{FAE04EC0-301F-11D3-BF4B-00C04F79EFBC}") = "FNC2", "FNC2\FNC2.csproj", "{CCF0149D-3C51-48CA-9297-E8501554836F}"
EndProject
Global
	GlobalSection(SolutionConfigurationPlatforms) = preSolution
		Debug|Any CPU = Debug|Any CPU
		Release|Any CPU = Release|Any CPU
	EndGlobalSection
	GlobalSection(ProjectConfigurationPlatforms) = postSolution
		{CCF0149D-3C51-48CA-9297-E8501554836F}.Debug|Any CPU.ActiveCfg = Debug|Any CPU
		{CCF0149D-3C51-48CA-9297-E8501554836F}.Debug|Any CPU.Build.0 = Debug|Any CPU
		{CCF0149D-3C51-48CA-9297-E8501554836F}.Release|Any CPU.ActiveCfg = Release|Any CPU
		{CCF0149D-3C51-48CA-9297-E8501554836F}.Release|Any CPU.Build.0 = Release|Any CPU
	EndGlobalSection
	GlobalSection(SolutionProperties) = preSolution
		HideSolutionNode = FALSE
	EndGlobalSection
	GlobalSection(ExtensibilityGlobals) = postSolution
		SolutionGuid = {92BDC8E6-B981-4788-BAF6-3BDD36C1CBB4}
	EndGlobalSection
EndGlobal
